
Microsoft Visual Studio Solution File, Format Version 12.00
# Visual Studio Version 17
VisualStudioVersion = 17.4.33213.308
MinimumVisualStudioVersion = 10.0.40219.1
Project("{FAE04EC0-301F-11D3-BF4B-00C04F79EFBC}") = "lab8C", "lab8C\lab8C.csproj", "{A21A13E7-5F15-4734-ACA0-25DE4CEF73AE}"
EndProject
Project("{FAE04EC0-301F-11D3-BF4B-00C04F79EFBC}") = "PhonesDLL", "PhonesDLL\PhonesDLL.csproj", "{09097938-E8CD-4D93-A8A1-6E15E17E9667}"
EndProject
Global
	GlobalSection(SolutionConfigurationPlatforms) = preSolution
		Debug|Any CPU = Debug|Any CPU
		Release|Any CPU = Release|Any CPU
	EndGlobalSection
	GlobalSection(ProjectConfigurationPlatforms) = postSolution
		{A21A13E7-5F15-4734-ACA0-25DE4CEF73AE}.Debug|Any CPU.ActiveCfg = Debug|Any CPU
		{A21A13E7-5F15-4734-ACA0-25DE4CEF73AE}.Debug|Any CPU.Build.0 = Debug|Any CPU
		{A21A13E7-5F15-4734-ACA0-25DE4CEF73AE}.Release|Any CPU.ActiveCfg = Release|Any CPU
		{A21A13E7-5F15-4734-ACA0-25DE4CEF73AE}.Release|Any CPU.Build.0 = Release|Any CPU
		{09097938-E8CD-4D93-A8A1-6E15E17E9667}.Debug|Any CPU.ActiveCfg = Debug|Any CPU
		{09097938-E8CD-4D93-A8A1-6E15E17E9667}.Debug|Any CPU.Build.0 = Debug|Any CPU
		{09097938-E8CD-4D93-A8A1-6E15E17E9667}.Release|Any CPU.ActiveCfg = Release|Any CPU
		{09097938-E8CD-4D93-A8A1-6E15E17E9667}.Release|Any CPU.Build.0 = Release|Any CPU
	EndGlobalSection
	GlobalSection(SolutionProperties) = preSolution
		HideSolutionNode = FALSE
	EndGlobalSection
	GlobalSection(ExtensibilityGlobals) = postSolution
		SolutionGuid = {3600FF03-2C8B-4B51-81F0-4A15566ABB61}
	EndGlobalSection
EndGlobal
