
Microsoft Visual Studio Solution File, Format Version 12.00
# Visual Studio Version 17
VisualStudioVersion = 17.4.33213.308
MinimumVisualStudioVersion = 10.0.40219.1
Project("{FAE04EC0-301F-11D3-BF4B-00C04F79EFBC}") = "lab4", "lab4\lab4.csproj", "{79286870-59EB-4F19-8A65-65B631691A60}"
EndProject
Global
	GlobalSection(SolutionConfigurationPlatforms) = preSolution
		Debug|Any CPU = Debug|Any CPU
		Release|Any CPU = Release|Any CPU
	EndGlobalSection
	GlobalSection(ProjectConfigurationPlatforms) = postSolution
		{79286870-59EB-4F19-8A65-65B631691A60}.Debug|Any CPU.ActiveCfg = Debug|Any CPU
		{79286870-59EB-4F19-8A65-65B631691A60}.Debug|Any CPU.Build.0 = Debug|Any CPU
		{79286870-59EB-4F19-8A65-65B631691A60}.Release|Any CPU.ActiveCfg = Release|Any CPU
		{79286870-59EB-4F19-8A65-65B631691A60}.Release|Any CPU.Build.0 = Release|Any CPU
	EndGlobalSection
	GlobalSection(SolutionProperties) = preSolution
		HideSolutionNode = FALSE
	EndGlobalSection
	GlobalSection(ExtensibilityGlobals) = postSolution
		SolutionGuid = {14C8AA70-EB59-434D-BE27-6CD7600AEE78}
	EndGlobalSection
EndGlobal
